
Microsoft Visual Studio Solution File, Format Version 12.00
# Visual Studio Version 16
VisualStudioVersion = 16.0.31729.503
MinimumVisualStudioVersion = 10.0.40219.1
Project("{9A19103F-16F7-4668-BE54-9A1E7A4F7556}") = "Frame.Utils.Command", "Frame.Utils.Command\Frame.Utils.Command.csproj", "{9D781C5A-06D0-4721-821F-1B02A477048F}"
EndProject
Project("{9A19103F-16F7-4668-BE54-9A1E7A4F7556}") = "Frame.Utils.Command.Tests", "Frame.Utils.Command.Tests\Frame.Utils.Command.Tests.csproj", "{F8B39C9C-4C0A-4D2E-8E1A-3E3C9A1A4E7D}"
EndProject
Global
	GlobalSection(SolutionConfigurationPlatforms) = preSolution
		Debug|Any CPU = Debug|Any CPU
		Release|Any CPU = Release|Any CPU
	EndGlobalSection
	GlobalSection(ProjectConfigurationPlatforms) = postSolution
		{9D781C5A-06D0-4721-821F-1B02A477048F}.Debug|Any CPU.ActiveCfg = Debug|Any CPU
		{9D781C5A-06D0-4721-821F-1B02A477048F}.Debug|Any CPU.Build.0 = Debug|Any CPU
		{9D781C5A-06D0-4721-821F-1B02A477048F}.Release|Any CPU.ActiveCfg = Release|Any CPU
		{9D781C5A-06D0-4721-821F-1B02A477048F}.Release|Any CPU.Build.0 = Release|Any CPU
		{F8B39C9C-4C0A-4D2E-8E1A-3E3C9A1A4E7D}.Debug|Any CPU.ActiveCfg = Debug|Any CPU
		{F8B39C9C-4C0A-4D2E-8E1A-3E3C9A1A4E7D}.Debug|Any CPU.Build.0 = Debug|Any CPU
		{F8B39C9C-4C0A-4D2E-8E1A-3E3C9A1A4E7D}.Release|Any CPU.ActiveCfg = Release|Any CPU
		{F8B39C9C-4C0A-4D2E-8E1A-3E3C9A1A4E7D}.Release|Any CPU.Build.0 = Release|Any CPU
	EndGlobalSection
	GlobalSection(SolutionProperties) = preSolution
		HideSolutionNode = FALSE
	EndGlobalSection
	GlobalSection(ExtensibilityGlobals) = postSolution
		SolutionGuid = {F9A3300E-183E-4F90-9860-7F3F2C8D6C73}
	EndGlobalSection
EndGlobal
