
Microsoft Visual Studio Solution File, Format Version 12.00
# Visual Studio Version 16
VisualStudioVersion = 16.0.30907.101
MinimumVisualStudioVersion = 10.0.40219.1
Project("{9A19103F-16F7-4668-BE54-9A1E7A4F7556}") = "Frame.Utils.Command", "Frame.Utils.Command\Frame.Utils.Command.csproj", "{23D957D6-0EC3-4FB0-8631-8B7EF5C697CF}"
EndProject
Global
	GlobalSection(SolutionConfigurationPlatforms) = preSolution
		Debug|Any CPU = Debug|Any CPU
		Release|Any CPU = Release|Any CPU
	EndGlobalSection
	GlobalSection(ProjectConfigurationPlatforms) = postSolution
		{23D957D6-0EC3-4FB0-8631-8B7EF5C697CF}.Debug|Any CPU.ActiveCfg = Debug|Any CPU
		{23D957D6-0EC3-4FB0-8631-8B7EF5C697CF}.Debug|Any CPU.Build.0 = Debug|Any CPU
		{23D957D6-0EC3-4FB0-8631-8B7EF5C697CF}.Release|Any CPU.ActiveCfg = Release|Any CPU
		{23D957D6-0EC3-4FB0-8631-8B7EF5C697CF}.Release|Any CPU.Build.0 = Release|Any CPU
	EndGlobalSection
	GlobalSection(SolutionProperties) = preSolution
		HideSolutionNode = FALSE
	EndGlobalSection
	GlobalSection(ExtensibilityGlobals) = postSolution
		SolutionGuid = {00364C9E-5A35-425A-8EB1-D9AE6231A2B8}
	EndGlobalSection
EndGlobal
